
Microsoft Visual Studio Solution File, Format Version 12.00
# Visual Studio 15
VisualStudioVersion = 15.0.27428.1
MinimumVisualStudioVersion = 10.0.40219.1
Project("{FAE04EC0-301F-11D3-BF4B-00C04F79EFBC}") = "multas-B", "multas-B\multas-B.csproj", "{37EA926D-0161-4936-9E3C-A5CCC45142DA}"
EndProject
Global
	GlobalSection(SolutionConfigurationPlatforms) = preSolution
		Debug|Any CPU = Debug|Any CPU
		Release|Any CPU = Release|Any CPU
	EndGlobalSection
	GlobalSection(ProjectConfigurationPlatforms) = postSolution
		{37EA926D-0161-4936-9E3C-A5CCC45142DA}.Debug|Any CPU.ActiveCfg = Debug|Any CPU
		{37EA926D-0161-4936-9E3C-A5CCC45142DA}.Debug|Any CPU.Build.0 = Debug|Any CPU
		{37EA926D-0161-4936-9E3C-A5CCC45142DA}.Release|Any CPU.ActiveCfg = Release|Any CPU
		{37EA926D-0161-4936-9E3C-A5CCC45142DA}.Release|Any CPU.Build.0 = Release|Any CPU
	EndGlobalSection
	GlobalSection(SolutionProperties) = preSolution
		HideSolutionNode = FALSE
	EndGlobalSection
	GlobalSection(ExtensibilityGlobals) = postSolution
		SolutionGuid = {1D41BF52-8BDF-483B-9592-C0E296330843}
	EndGlobalSection
EndGlobal
